
Microsoft Visual Studio Solution File, Format Version 12.00
# Visual Studio Version 17
VisualStudioVersion = 17.7.34031.279
MinimumVisualStudioVersion = 10.0.40219.1
Project("{FAE04EC0-301F-11D3-BF4B-00C04F79EFBC}") = "Calculator", "Calculator.csproj", "{D7FCCB77-D974-4A01-B90C-5ED067D6780D}"
EndProject
Global
	GlobalSection(SolutionConfigurationPlatforms) = preSolution
		Debug|Any CPU = Debug|Any CPU
		Release|Any CPU = Release|Any CPU
	EndGlobalSection
	GlobalSection(ProjectConfigurationPlatforms) = postSolution
		{D7FCCB77-D974-4A01-B90C-5ED067D6780D}.Debug|Any CPU.ActiveCfg = Debug|Any CPU
		{D7FCCB77-D974-4A01-B90C-5ED067D6780D}.Debug|Any CPU.Build.0 = Debug|Any CPU
		{D7FCCB77-D974-4A01-B90C-5ED067D6780D}.Release|Any CPU.ActiveCfg = Release|Any CPU
		{D7FCCB77-D974-4A01-B90C-5ED067D6780D}.Release|Any CPU.Build.0 = Release|Any CPU
	EndGlobalSection
	GlobalSection(SolutionProperties) = preSolution
		HideSolutionNode = FALSE
	EndGlobalSection
	GlobalSection(ExtensibilityGlobals) = postSolution
		SolutionGuid = {2B143CA7-B015-4FE5-AD0D-24B7C48BABFF}
	EndGlobalSection
EndGlobal
